
Microsoft Visual Studio Solution File, Format Version 12.00
# Visual Studio Version 17
VisualStudioVersion = 17.0.32112.339
MinimumVisualStudioVersion = 10.0.40219.1
Project("{FAE04EC0-301F-11D3-BF4B-00C04F79EFBC}") = "ManyButtons", "ManyButtons\ManyButtons.csproj", "{FCAC5582-A5B3-4490-A574-42D28194C3E4}"
EndProject
Global
	GlobalSection(SolutionConfigurationPlatforms) = preSolution
		Debug|Any CPU = Debug|Any CPU
		Release|Any CPU = Release|Any CPU
	EndGlobalSection
	GlobalSection(ProjectConfigurationPlatforms) = postSolution
		{FCAC5582-A5B3-4490-A574-42D28194C3E4}.Debug|Any CPU.ActiveCfg = Debug|Any CPU
		{FCAC5582-A5B3-4490-A574-42D28194C3E4}.Debug|Any CPU.Build.0 = Debug|Any CPU
		{FCAC5582-A5B3-4490-A574-42D28194C3E4}.Release|Any CPU.ActiveCfg = Release|Any CPU
		{FCAC5582-A5B3-4490-A574-42D28194C3E4}.Release|Any CPU.Build.0 = Release|Any CPU
	EndGlobalSection
	GlobalSection(SolutionProperties) = preSolution
		HideSolutionNode = FALSE
	EndGlobalSection
	GlobalSection(ExtensibilityGlobals) = postSolution
		SolutionGuid = {1CB122CC-3C5B-4E12-8607-BC2B7F4DB78B}
	EndGlobalSection
EndGlobal
