
Microsoft Visual Studio Solution File, Format Version 12.00
# Visual Studio Version 17
VisualStudioVersion = 17.0.32112.339
MinimumVisualStudioVersion = 10.0.40219.1
Project("{F184B08F-C81C-45F6-A57F-5ABD9991F28F}") = "LatteSelection", "LatteSelection\LatteSelection.vbproj", "{58687F36-F965-4A70-9A13-813D17B192C1}"
EndProject
Global
	GlobalSection(SolutionConfigurationPlatforms) = preSolution
		Debug|Any CPU = Debug|Any CPU
		Release|Any CPU = Release|Any CPU
	EndGlobalSection
	GlobalSection(ProjectConfigurationPlatforms) = postSolution
		{58687F36-F965-4A70-9A13-813D17B192C1}.Debug|Any CPU.ActiveCfg = Debug|Any CPU
		{58687F36-F965-4A70-9A13-813D17B192C1}.Debug|Any CPU.Build.0 = Debug|Any CPU
		{58687F36-F965-4A70-9A13-813D17B192C1}.Release|Any CPU.ActiveCfg = Release|Any CPU
		{58687F36-F965-4A70-9A13-813D17B192C1}.Release|Any CPU.Build.0 = Release|Any CPU
	EndGlobalSection
	GlobalSection(SolutionProperties) = preSolution
		HideSolutionNode = FALSE
	EndGlobalSection
	GlobalSection(ExtensibilityGlobals) = postSolution
		SolutionGuid = {0D2167B6-EE55-46FA-A960-E7357B17BD10}
	EndGlobalSection
EndGlobal
